<?xml version="1.0" encoding="utf-8"?>
<Project ToolsVersion="4.0" xmlns="http://schemas.microsoft.com/developer/msbuild/2003">
  <ItemGroup>
    <Filter Include="源文件">
      <UniqueIdentifier>{4FC737F1-C7A5-4376-A066-2A32D752A2FF}</UniqueIdentifier>
      <Extensions>cpp;c;cc;cxx;c++;cppm;ixx;def;odl;idl;hpj;bat;asm;asmx</Extensions>
    </Filter>
    <Filter Include="头文件">
      <UniqueIdentifier>{93995380-89BD-4b04-88EB-625FBE52EBFB}</UniqueIdentifier>
      <Extensions>h;hh;hpp;hxx;h++;hm;inl;inc;ipp;xsd</Extensions>
    </Filter>
    <Filter Include="资源文件">
      <UniqueIdentifier>{67DA6AB6-F800-4c08-8B7A-83BB121AAD01}</UniqueIdentifier>
      <Extensions>rc;ico;cur;bmp;dlg;rc2;rct;bin;rgs;gif;jpg;jpeg;jpe;resx;tiff;tif;png;wav;mfcribbon-ms</Extensions>
    </Filter>
    <Filter Include="头文件\core">
      <UniqueIdentifier>{8fb531d8-8841-402e-889f-edde6ddfa00d}</UniqueIdentifier>
    </Filter>
    <Filter Include="头文件\graphics">
      <UniqueIdentifier>{339c20f4-27f5-4b0d-b340-5cc5d3d4bdd2}</UniqueIdentifier>
    </Filter>
    <Filter Include="头文件\entities">
      <UniqueIdentifier>{0fd362dd-43c4-47db-a5c8-4ba3cbbd73af}</UniqueIdentifier>
    </Filter>
    <Filter Include="头文件\utils">
      <UniqueIdentifier>{0f6305fa-cc6b-4691-8fcc-b42173295e53}</UniqueIdentifier>
    </Filter>
    <Filter Include="源文件\core">
      <UniqueIdentifier>{93cc3a00-9434-45a6-a123-2185ef026fc5}</UniqueIdentifier>
    </Filter>
    <Filter Include="源文件\graphics">
      <UniqueIdentifier>{eb29df22-49b0-4dec-8f48-e36a09b229bf}</UniqueIdentifier>
    </Filter>
    <Filter Include="源文件\entities">
      <UniqueIdentifier>{d0c8ff11-52be-4ef5-b99c-0eabb882f9ac}</UniqueIdentifier>
    </Filter>
    <Filter Include="源文件\utils">
      <UniqueIdentifier>{8cbb6407-2fbc-4dca-9071-7e4593260e37}</UniqueIdentifier>
    </Filter>
    <Filter Include="头文件\components">
      <UniqueIdentifier>{62668c04-26f2-47cb-820a-a337ae97c902}</UniqueIdentifier>
    </Filter>
    <Filter Include="源文件\components">
      <UniqueIdentifier>{65965c74-fc35-4b4b-ac18-4b9921cf677f}</UniqueIdentifier>
    </Filter>
    <Filter Include="头文件\System">
      <UniqueIdentifier>{0761f13f-8212-42bf-90b6-9c41a352b548}</UniqueIdentifier>
    </Filter>
    <Filter Include="源文件\systems">
      <UniqueIdentifier>{fe87f42d-8a52-4993-981f-8e16f966fbfa}</UniqueIdentifier>
    </Filter>
  </ItemGroup>
  <ItemGroup>
    <ClCompile Include="main.cpp">
      <Filter>源文件</Filter>
    </ClCompile>
    <ClCompile Include="source\core\Board.cpp">
      <Filter>源文件\core</Filter>
    </ClCompile>
    <ClCompile Include="source\core\Game.cpp">
      <Filter>源文件\core</Filter>
    </ClCompile>
    <ClCompile Include="source\core\Tile.cpp">
      <Filter>源文件\core</Filter>
    </ClCompile>
    <ClCompile Include="source\entities\Entity.cpp">
      <Filter>源文件\entities</Filter>
    </ClCompile>
    <ClCompile Include="source\entities\Fire.cpp">
      <Filter>源文件\entities</Filter>
    </ClCompile>
    <ClCompile Include="source\entities\Player.cpp">
      <Filter>源文件\entities</Filter>
    </ClCompile>
    <ClCompile Include="source\graphics\AnimBase.cpp">
      <Filter>源文件\graphics</Filter>
    </ClCompile>
    <ClCompile Include="source\graphics\AnimDirectional.cpp">
      <Filter>源文件\graphics</Filter>
    </ClCompile>
    <ClCompile Include="source\graphics\SpriteSheet.cpp">
      <Filter>源文件\graphics</Filter>
    </ClCompile>
    <ClCompile Include="source\graphics\Window.cpp">
      <Filter>源文件\graphics</Filter>
    </ClCompile>
    <ClCompile Include="source\utils\Rectangle.cpp">
      <Filter>源文件\utils</Filter>
    </ClCompile>
    <ClCompile Include="source\core\GameCommand.cpp">
      <Filter>源文件\core</Filter>
    </ClCompile>
    <ClCompile Include="source\core\InputHandler.cpp">
      <Filter>源文件\core</Filter>
    </ClCompile>
    <ClCompile Include="source\core\PlayerCommand.cpp">
      <Filter>源文件\core</Filter>
    </ClCompile>
    <ClCompile Include="source\components\InputComponent.cpp">
      <Filter>源文件\components</Filter>
    </ClCompile>
    <ClCompile Include="source\components\GraphicsComponent.cpp">
      <Filter>源文件\components</Filter>
    </ClCompile>
    <ClCompile Include="source\components\PlayerStateComponent.cpp">
      <Filter>源文件\components</Filter>
    </ClCompile>
    <ClCompile Include="source\systems\TTLSystem.cpp">
      <Filter>源文件\systems</Filter>
    </ClCompile>
    <ClCompile Include="source\systems\ColliderSystem.cpp">
      <Filter>源文件\systems</Filter>
    </ClCompile>
    <ClCompile Include="source\systems\GameplaySystem.cpp">
      <Filter>源文件\systems</Filter>
    </ClCompile>
    <ClCompile Include="source\systems\GraphicsSystem.cpp">
      <Filter>源文件\systems</Filter>
    </ClCompile>
    <ClCompile Include="source\systems\InputSystem.cpp">
      <Filter>源文件\systems</Filter>
    </ClCompile>
    <ClCompile Include="source\systems\MovementSystem.cpp">
      <Filter>源文件\systems</Filter>
    </ClCompile>
    <ClCompile Include="source\systems\PrintDebugSystem.cpp">
      <Filter>源文件\systems</Filter>
    </ClCompile>
  </ItemGroup>
  <ItemGroup>
    <ClInclude Include="include\core\Board.h">
      <Filter>头文件\core</Filter>
    </ClInclude>
    <ClInclude Include="include\core\Tile.h">
      <Filter>头文件\core</Filter>
    </ClInclude>
    <ClInclude Include="include\core\Game.h">
      <Filter>头文件\core</Filter>
    </ClInclude>
    <ClInclude Include="include\entities\Entity.h">
      <Filter>头文件\entities</Filter>
    </ClInclude>
    <ClInclude Include="include\entities\Fire.h">
      <Filter>头文件\entities</Filter>
    </ClInclude>
    <ClInclude Include="include\entities\Player.h">
      <Filter>头文件\entities</Filter>
    </ClInclude>
    <ClInclude Include="include\entities\StaticEntities.h">
      <Filter>头文件\entities</Filter>
    </ClInclude>
    <ClInclude Include="include\graphics\Window.h">
      <Filter>头文件\graphics</Filter>
    </ClInclude>
    <ClInclude Include="include\graphics\AnimDirectional.h">
      <Filter>头文件\graphics</Filter>
    </ClInclude>
    <ClInclude Include="include\graphics\SpriteSheet.h">
      <Filter>头文件\graphics</Filter>
    </ClInclude>
    <ClInclude Include="include\graphics\AnimBase.h">
      <Filter>头文件\graphics</Filter>
    </ClInclude>
    <ClInclude Include="include\utils\Rectangle.h">
      <Filter>头文件\utils</Filter>
    </ClInclude>
    <ClInclude Include="include\utils\Vector2.h">
      <Filter>头文件\utils</Filter>
    </ClInclude>
    <ClInclude Include="include\core\Command.h">
      <Filter>头文件\core</Filter>
    </ClInclude>
    <ClInclude Include="include\core\InputHandler.h">
      <Filter>头文件\core</Filter>
    </ClInclude>
    <ClInclude Include="include\components\TTLComponent.h">
      <Filter>头文件\components</Filter>
    </ClInclude>
    <ClInclude Include="include\components\HealthComponent.h">
      <Filter>头文件\components</Filter>
    </ClInclude>
    <ClInclude Include="include\components\InputComponent.h">
      <Filter>头文件\components</Filter>
    </ClInclude>
    <ClInclude Include="include\components\PositionComponent.h">
      <Filter>头文件\components</Filter>
    </ClInclude>
    <ClInclude Include="include\components\VelocityComponent.h">
      <Filter>头文件\components</Filter>
    </ClInclude>
    <ClInclude Include="include\components\GraphicsComponent.h">
      <Filter>头文件\components</Filter>
    </ClInclude>
    <ClInclude Include="include\components\ColliderComponent.h">
      <Filter>头文件\components</Filter>
    </ClInclude>
    <ClInclude Include="include\components\LogicComponent.h">
      <Filter>头文件\components</Filter>
    </ClInclude>
    <ClInclude Include="include\utils\Bitmask.h">
      <Filter>头文件\utils</Filter>
    </ClInclude>
    <ClInclude Include="include\components\Components.h">
      <Filter>头文件\components</Filter>
    </ClInclude>
    <ClInclude Include="include\systems\Systems.h">
      <Filter>头文件\System</Filter>
    </ClInclude>
  </ItemGroup>
</Project>