<?xml version="1.0" encoding="utf-8"?>
<Project ToolsVersion="4.0" xmlns="http://schemas.microsoft.com/developer/msbuild/2003">
  <ItemGroup>
    <Filter Include="Source Files">
      <UniqueIdentifier>{4FC737F1-C7A5-4376-A066-2A32D752A2FF}</UniqueIdentifier>
      <Extensions>cpp;c;cc;cxx;c++;cppm;ixx;def;odl;idl;hpj;bat;asm;asmx</Extensions>
    </Filter>
    <Filter Include="Header Files">
      <UniqueIdentifier>{93995380-89BD-4b04-88EB-625FBE52EBFB}</UniqueIdentifier>
      <Extensions>h;hh;hpp;hxx;h++;hm;inl;inc;ipp;xsd</Extensions>
    </Filter>
    <Filter Include="Resource Files">
      <UniqueIdentifier>{67DA6AB6-F800-4c08-8B7A-83BB121AAD01}</UniqueIdentifier>
      <Extensions>rc;ico;cur;bmp;dlg;rc2;rct;bin;rgs;gif;jpg;jpeg;jpe;resx;tiff;tif;png;wav;mfcribbon-ms</Extensions>
    </Filter>
    <Filter Include="Header Files\core">
      <UniqueIdentifier>{aea68d7c-d869-42dc-8f9b-a3cd217d28c2}</UniqueIdentifier>
    </Filter>
    <Filter Include="Header Files\entities">
      <UniqueIdentifier>{97d357dc-dcbb-4faa-bcc0-bfd4030ffbed}</UniqueIdentifier>
    </Filter>
    <Filter Include="Header Files\graphics">
      <UniqueIdentifier>{6b73d774-2e32-440a-9a17-7482e0f1262e}</UniqueIdentifier>
    </Filter>
    <Filter Include="Header Files\utils">
      <UniqueIdentifier>{f2980b93-9cb0-4e18-b102-b74bd09f6192}</UniqueIdentifier>
    </Filter>
    <Filter Include="Source Files\core">
      <UniqueIdentifier>{4d1d1cfe-5156-4646-ab20-dcca85aeb5fc}</UniqueIdentifier>
    </Filter>
    <Filter Include="Source Files\entities">
      <UniqueIdentifier>{7a0f5d91-b51f-4a72-833e-11e91c4a0acc}</UniqueIdentifier>
    </Filter>
    <Filter Include="Source Files\graphics">
      <UniqueIdentifier>{0de25a2d-5635-4a96-aa00-e84afde03802}</UniqueIdentifier>
    </Filter>
    <Filter Include="Source Files\utils">
      <UniqueIdentifier>{6e7c35c7-934e-44e8-ae2d-167869200416}</UniqueIdentifier>
    </Filter>
    <Filter Include="Source Files\components">
      <UniqueIdentifier>{0a481947-193e-4563-9d04-0970777242be}</UniqueIdentifier>
    </Filter>
    <Filter Include="Source Files\systems">
      <UniqueIdentifier>{b49a1e16-b4c5-4ff9-8917-b952a664c673}</UniqueIdentifier>
    </Filter>
    <Filter Include="Source Files\service">
      <UniqueIdentifier>{c2642e70-f19f-4719-9b10-f063680c1b05}</UniqueIdentifier>
    </Filter>
    <Filter Include="Source Files\observer">
      <UniqueIdentifier>{32f5a75f-a003-4512-ba04-1f2bd77e16ac}</UniqueIdentifier>
    </Filter>
    <Filter Include="Header Files\components">
      <UniqueIdentifier>{1aad0a6c-bd04-4b6e-98d9-c8c65fce146d}</UniqueIdentifier>
    </Filter>
    <Filter Include="Header Files\service">
      <UniqueIdentifier>{a23986b4-41c1-49e9-96d8-5e85f20b3c4a}</UniqueIdentifier>
    </Filter>
    <Filter Include="Header Files\observer">
      <UniqueIdentifier>{b444ce5a-1ab7-4ab2-a4f2-2fe346438705}</UniqueIdentifier>
    </Filter>
    <Filter Include="Header Files\systems">
      <UniqueIdentifier>{0b755ef6-6608-46f6-bab8-c94518d37049}</UniqueIdentifier>
    </Filter>
  </ItemGroup>
  <ItemGroup>
    <ClInclude Include="include\core\Board.h">
      <Filter>Header Files\core</Filter>
    </ClInclude>
    <ClInclude Include="include\core\Game.h">
      <Filter>Header Files\core</Filter>
    </ClInclude>
    <ClInclude Include="include\core\Tile.h">
      <Filter>Header Files\core</Filter>
    </ClInclude>
    <ClInclude Include="include\entities\Entity.h">
      <Filter>Header Files\entities</Filter>
    </ClInclude>
    <ClInclude Include="include\entities\Fire.h">
      <Filter>Header Files\entities</Filter>
    </ClInclude>
    <ClInclude Include="include\entities\Player.h">
      <Filter>Header Files\entities</Filter>
    </ClInclude>
    <ClInclude Include="include\entities\StaticEntities.h">
      <Filter>Header Files\entities</Filter>
    </ClInclude>
    <ClInclude Include="include\graphics\AnimBase.h">
      <Filter>Header Files\graphics</Filter>
    </ClInclude>
    <ClInclude Include="include\graphics\AnimDirectional.h">
      <Filter>Header Files\graphics</Filter>
    </ClInclude>
    <ClInclude Include="include\graphics\SpriteSheet.h">
      <Filter>Header Files\graphics</Filter>
    </ClInclude>
    <ClInclude Include="include\graphics\Window.h">
      <Filter>Header Files\graphics</Filter>
    </ClInclude>
    <ClInclude Include="include\utils\Rectangle.h">
      <Filter>Header Files\utils</Filter>
    </ClInclude>
    <ClInclude Include="include\utils\Vector2.h">
      <Filter>Header Files\utils</Filter>
    </ClInclude>
    <ClInclude Include="include\core\InputHandler.h">
      <Filter>Header Files\core</Filter>
    </ClInclude>
    <ClInclude Include="include\core\Command.h">
      <Filter>Header Files\core</Filter>
    </ClInclude>
    <ClInclude Include="include\core\TileIntrinsic.h">
      <Filter>Header Files\core</Filter>
    </ClInclude>
    <ClInclude Include="include\components\ColliderComponent.h">
      <Filter>Header Files\components</Filter>
    </ClInclude>
    <ClInclude Include="include\components\Components.h">
      <Filter>Header Files\components</Filter>
    </ClInclude>
    <ClInclude Include="include\components\GraphicsComponent.h">
      <Filter>Header Files\components</Filter>
    </ClInclude>
    <ClInclude Include="include\components\HealthComponent.h">
      <Filter>Header Files\components</Filter>
    </ClInclude>
    <ClInclude Include="include\components\InputComponent.h">
      <Filter>Header Files\components</Filter>
    </ClInclude>
    <ClInclude Include="include\components\PlayerStateComponent.h">
      <Filter>Header Files\components</Filter>
    </ClInclude>
    <ClInclude Include="include\components\PositionComponent.h">
      <Filter>Header Files\components</Filter>
    </ClInclude>
    <ClInclude Include="include\components\TTLComponent.h">
      <Filter>Header Files\components</Filter>
    </ClInclude>
    <ClInclude Include="include\components\VelocityComponent.h">
      <Filter>Header Files\components</Filter>
    </ClInclude>
    <ClInclude Include="include\observer\Observer.h">
      <Filter>Header Files\observer</Filter>
    </ClInclude>
    <ClInclude Include="include\systems\Systems.h">
      <Filter>Header Files\systems</Filter>
    </ClInclude>
    <ClInclude Include="include\service\Audio.h">
      <Filter>Header Files\service</Filter>
    </ClInclude>
    <ClInclude Include="include\service\Locator.h">
      <Filter>Header Files\service</Filter>
    </ClInclude>
    <ClInclude Include="include\observer\AchievementManager.h">
      <Filter>Header Files\observer</Filter>
    </ClInclude>
    <ClInclude Include="include\utils\Bitmask.h">
      <Filter>Header Files\utils</Filter>
    </ClInclude>
  </ItemGroup>
  <ItemGroup>
    <ClCompile Include="source\core\Board.cpp">
      <Filter>Source Files\core</Filter>
    </ClCompile>
    <ClCompile Include="source\core\Game.cpp">
      <Filter>Source Files\core</Filter>
    </ClCompile>
    <ClCompile Include="source\core\Tile.cpp">
      <Filter>Source Files\core</Filter>
    </ClCompile>
    <ClCompile Include="source\entities\Entity.cpp">
      <Filter>Source Files\entities</Filter>
    </ClCompile>
    <ClCompile Include="source\entities\Fire.cpp">
      <Filter>Source Files\entities</Filter>
    </ClCompile>
    <ClCompile Include="source\entities\Player.cpp">
      <Filter>Source Files\entities</Filter>
    </ClCompile>
    <ClCompile Include="source\graphics\AnimBase.cpp">
      <Filter>Source Files\graphics</Filter>
    </ClCompile>
    <ClCompile Include="source\graphics\AnimDirectional.cpp">
      <Filter>Source Files\graphics</Filter>
    </ClCompile>
    <ClCompile Include="source\graphics\SpriteSheet.cpp">
      <Filter>Source Files\graphics</Filter>
    </ClCompile>
    <ClCompile Include="source\graphics\Window.cpp">
      <Filter>Source Files\graphics</Filter>
    </ClCompile>
    <ClCompile Include="source\utils\Rectangle.cpp">
      <Filter>Source Files\utils</Filter>
    </ClCompile>
    <ClCompile Include="main.cpp">
      <Filter>Source Files</Filter>
    </ClCompile>
    <ClCompile Include="source\core\GameCommand.cpp">
      <Filter>Source Files\core</Filter>
    </ClCompile>
    <ClCompile Include="source\core\InputHandler.cpp">
      <Filter>Source Files\core</Filter>
    </ClCompile>
    <ClCompile Include="source\core\TileIntrinsic.cpp">
      <Filter>Source Files\core</Filter>
    </ClCompile>
    <ClCompile Include="source\components\InputComponent.cpp">
      <Filter>Source Files\components</Filter>
    </ClCompile>
    <ClCompile Include="source\components\ColliderComponent.cpp">
      <Filter>Source Files\components</Filter>
    </ClCompile>
    <ClCompile Include="source\components\GraphicsComponent.cpp">
      <Filter>Source Files\components</Filter>
    </ClCompile>
    <ClCompile Include="source\core\PlayerCommand.cpp">
      <Filter>Source Files\components</Filter>
    </ClCompile>
    <ClCompile Include="source\components\PlayerStateComponent.cpp">
      <Filter>Source Files\components</Filter>
    </ClCompile>
    <ClCompile Include="source\systems\systems.cpp">
      <Filter>Source Files\systems</Filter>
    </ClCompile>
    <ClCompile Include="source\service\Audio.cpp">
      <Filter>Source Files\service</Filter>
    </ClCompile>
    <ClCompile Include="source\service\Locator.cpp">
      <Filter>Source Files\service</Filter>
    </ClCompile>
    <ClCompile Include="source\observer\AchievementManager.cpp">
      <Filter>Source Files\observer</Filter>
    </ClCompile>
  </ItemGroup>
  <ItemGroup>
    <Text Include="levels\lvl0.txt" />
  </ItemGroup>
</Project>